
Microsoft Visual Studio Solution File, Format Version 12.00
# Visual Studio Version 16
VisualStudioVersion = 16.0.28917.181
MinimumVisualStudioVersion = 10.0.40219.1
Project("{FAE04EC0-301F-11D3-BF4B-00C04F79EFBC}") = "FF_Os_Lab_Motamedi", "FF_Os_Lab_Motamedi\FF_Os_Lab_Motamedi.csproj", "{575E796D-6286-4508-B124-F6AC967ECDCC}"
EndProject
Global
	GlobalSection(SolutionConfigurationPlatforms) = preSolution
		Debug|Any CPU = Debug|Any CPU
		Release|Any CPU = Release|Any CPU
	EndGlobalSection
	GlobalSection(ProjectConfigurationPlatforms) = postSolution
		{575E796D-6286-4508-B124-F6AC967ECDCC}.Debug|Any CPU.ActiveCfg = Debug|Any CPU
		{575E796D-6286-4508-B124-F6AC967ECDCC}.Debug|Any CPU.Build.0 = Debug|Any CPU
		{575E796D-6286-4508-B124-F6AC967ECDCC}.Release|Any CPU.ActiveCfg = Release|Any CPU
		{575E796D-6286-4508-B124-F6AC967ECDCC}.Release|Any CPU.Build.0 = Release|Any CPU
	EndGlobalSection
	GlobalSection(SolutionProperties) = preSolution
		HideSolutionNode = FALSE
	EndGlobalSection
	GlobalSection(ExtensibilityGlobals) = postSolution
		SolutionGuid = {9B549EDE-5265-4A3A-A94A-CE118B268359}
	EndGlobalSection
EndGlobal
